<?xml version="1.0" encoding="utf-8"?>
<Project ToolsVersion="18.0" xmlns="http://schemas.microsoft.com/developer/msbuild/2003">
  <ItemGroup>
    <ClCompile Include="C:\Users\Ryarta\Documents\Recubin\temp_build\deps_md\physx\physx\source\physxcooking\src\Cooking.cpp">
      <Filter>src</Filter>
    </ClCompile>
    <ClCompile Include="C:\Users\Ryarta\Documents\Recubin\temp_build\deps_md\physx\physx\source\physxcooking\src\windows\WindowsCookingDelayLoadHook.cpp">
      <Filter>src\windows</Filter>
    </ClCompile>
  </ItemGroup>
  <ItemGroup>
    <ClInclude Include="C:\Users\Ryarta\Documents\Recubin\temp_build\deps_md\physx\physx\include\cooking\PxBVH33MidphaseDesc.h">
      <Filter>include</Filter>
    </ClInclude>
    <ClInclude Include="C:\Users\Ryarta\Documents\Recubin\temp_build\deps_md\physx\physx\include\cooking\PxBVH34MidphaseDesc.h">
      <Filter>include</Filter>
    </ClInclude>
    <ClInclude Include="C:\Users\Ryarta\Documents\Recubin\temp_build\deps_md\physx\physx\include\cooking\Pxc.h">
      <Filter>include</Filter>
    </ClInclude>
    <ClInclude Include="C:\Users\Ryarta\Documents\Recubin\temp_build\deps_md\physx\physx\include\cooking\PxConvexMeshDesc.h">
      <Filter>include</Filter>
    </ClInclude>
    <ClInclude Include="C:\Users\Ryarta\Documents\Recubin\temp_build\deps_md\physx\physx\include\cooking\PxCooking.h">
      <Filter>include</Filter>
    </ClInclude>
    <ClInclude Include="C:\Users\Ryarta\Documents\Recubin\temp_build\deps_md\physx\physx\include\cooking\PxCookingInternal.h">
      <Filter>include</Filter>
    </ClInclude>
    <ClInclude Include="C:\Users\Ryarta\Documents\Recubin\temp_build\deps_md\physx\physx\include\cooking\PxMidphaseDesc.h">
      <Filter>include</Filter>
    </ClInclude>
    <ClInclude Include="C:\Users\Ryarta\Documents\Recubin\temp_build\deps_md\physx\physx\include\cooking\PxTriangleMeshDesc.h">
      <Filter>include</Filter>
    </ClInclude>
    <ClInclude Include="C:\Users\Ryarta\Documents\Recubin\temp_build\deps_md\physx\physx\include\cooking\PxTetrahedronMeshDesc.h">
      <Filter>include</Filter>
    </ClInclude>
    <ClInclude Include="C:\Users\Ryarta\Documents\Recubin\temp_build\deps_md\physx\physx\include\cooking\PxBVHDesc.h">
      <Filter>include</Filter>
    </ClInclude>
    <ClInclude Include="C:\Users\Ryarta\Documents\Recubin\temp_build\deps_md\physx\physx\include\cooking\PxSDFDesc.h">
      <Filter>include</Filter>
    </ClInclude>
    <ClInclude Include="C:\Users\Ryarta\Documents\Recubin\temp_build\deps_md\physx\physx\source\physxcooking\src\Cooking.h">
      <Filter>src</Filter>
    </ClInclude>
    <ClInclude Include="C:\Users\Ryarta\Documents\Recubin\temp_build\deps_md\physx\physx\source\compiler\windows\resource\resource.h">
      <Filter>resource</Filter>
    </ClInclude>
  </ItemGroup>
  <ItemGroup>
    <CustomBuild Include="C:\Users\Ryarta\Documents\Recubin\temp_build\deps_md\physx\physx\source\compiler\cmake\CMakeLists.txt" />
  </ItemGroup>
  <ItemGroup>
    <ResourceCompile Include="C:\Users\Ryarta\Documents\Recubin\temp_build\deps_md\physx\physx\source\compiler\windows\resource\PhysXCooking.rc">
      <Filter>resource</Filter>
    </ResourceCompile>
  </ItemGroup>
  <ItemGroup>
    <Filter Include="include">
      <UniqueIdentifier>{85B44ACC-8F96-3245-A57F-3B0FC758D58F}</UniqueIdentifier>
    </Filter>
    <Filter Include="resource">
      <UniqueIdentifier>{F80165BD-2ACC-34C0-802A-0C8408DF3CF8}</UniqueIdentifier>
    </Filter>
    <Filter Include="src">
      <UniqueIdentifier>{6DD1FF89-F2F3-37EC-BB69-D5387FE2A2C4}</UniqueIdentifier>
    </Filter>
    <Filter Include="src\windows">
      <UniqueIdentifier>{6F60617B-2084-34BA-8D06-0495CC3081E4}</UniqueIdentifier>
    </Filter>
  </ItemGroup>
</Project>
