<?xml version="1.0" encoding="utf-8"?>
<Project ToolsVersion="18.0" xmlns="http://schemas.microsoft.com/developer/msbuild/2003">
  <ItemGroup>
    <ClCompile Include="C:\Users\Ryarta\Documents\Recubin\temp_build\deps_md\physx\physx\source\physxcharacterkinematic\src\CctBoxController.cpp">
      <Filter>src</Filter>
    </ClCompile>
    <ClCompile Include="C:\Users\Ryarta\Documents\Recubin\temp_build\deps_md\physx\physx\source\physxcharacterkinematic\src\CctCapsuleController.cpp">
      <Filter>src</Filter>
    </ClCompile>
    <ClCompile Include="C:\Users\Ryarta\Documents\Recubin\temp_build\deps_md\physx\physx\source\physxcharacterkinematic\src\CctCharacterController.cpp">
      <Filter>src</Filter>
    </ClCompile>
    <ClCompile Include="C:\Users\Ryarta\Documents\Recubin\temp_build\deps_md\physx\physx\source\physxcharacterkinematic\src\CctCharacterControllerCallbacks.cpp">
      <Filter>src</Filter>
    </ClCompile>
    <ClCompile Include="C:\Users\Ryarta\Documents\Recubin\temp_build\deps_md\physx\physx\source\physxcharacterkinematic\src\CctCharacterControllerManager.cpp">
      <Filter>src</Filter>
    </ClCompile>
    <ClCompile Include="C:\Users\Ryarta\Documents\Recubin\temp_build\deps_md\physx\physx\source\physxcharacterkinematic\src\CctController.cpp">
      <Filter>src</Filter>
    </ClCompile>
    <ClCompile Include="C:\Users\Ryarta\Documents\Recubin\temp_build\deps_md\physx\physx\source\physxcharacterkinematic\src\CctObstacleContext.cpp">
      <Filter>src</Filter>
    </ClCompile>
    <ClCompile Include="C:\Users\Ryarta\Documents\Recubin\temp_build\deps_md\physx\physx\source\physxcharacterkinematic\src\CctSweptBox.cpp">
      <Filter>src</Filter>
    </ClCompile>
    <ClCompile Include="C:\Users\Ryarta\Documents\Recubin\temp_build\deps_md\physx\physx\source\physxcharacterkinematic\src\CctSweptCapsule.cpp">
      <Filter>src</Filter>
    </ClCompile>
    <ClCompile Include="C:\Users\Ryarta\Documents\Recubin\temp_build\deps_md\physx\physx\source\physxcharacterkinematic\src\CctSweptVolume.cpp">
      <Filter>src</Filter>
    </ClCompile>
  </ItemGroup>
  <ItemGroup>
    <ClInclude Include="C:\Users\Ryarta\Documents\Recubin\temp_build\deps_md\physx\physx\include\characterkinematic\PxBoxController.h">
      <Filter>include</Filter>
    </ClInclude>
    <ClInclude Include="C:\Users\Ryarta\Documents\Recubin\temp_build\deps_md\physx\physx\include\characterkinematic\PxCapsuleController.h">
      <Filter>include</Filter>
    </ClInclude>
    <ClInclude Include="C:\Users\Ryarta\Documents\Recubin\temp_build\deps_md\physx\physx\include\characterkinematic\PxController.h">
      <Filter>include</Filter>
    </ClInclude>
    <ClInclude Include="C:\Users\Ryarta\Documents\Recubin\temp_build\deps_md\physx\physx\include\characterkinematic\PxControllerBehavior.h">
      <Filter>include</Filter>
    </ClInclude>
    <ClInclude Include="C:\Users\Ryarta\Documents\Recubin\temp_build\deps_md\physx\physx\include\characterkinematic\PxControllerManager.h">
      <Filter>include</Filter>
    </ClInclude>
    <ClInclude Include="C:\Users\Ryarta\Documents\Recubin\temp_build\deps_md\physx\physx\include\characterkinematic\PxControllerObstacles.h">
      <Filter>include</Filter>
    </ClInclude>
    <ClInclude Include="C:\Users\Ryarta\Documents\Recubin\temp_build\deps_md\physx\physx\include\characterkinematic\PxExtended.h">
      <Filter>include</Filter>
    </ClInclude>
    <ClInclude Include="C:\Users\Ryarta\Documents\Recubin\temp_build\deps_md\physx\physx\source\physxcharacterkinematic\src\CctBoxController.h">
      <Filter>src</Filter>
    </ClInclude>
    <ClInclude Include="C:\Users\Ryarta\Documents\Recubin\temp_build\deps_md\physx\physx\source\physxcharacterkinematic\src\CctCapsuleController.h">
      <Filter>src</Filter>
    </ClInclude>
    <ClInclude Include="C:\Users\Ryarta\Documents\Recubin\temp_build\deps_md\physx\physx\source\physxcharacterkinematic\src\CctCharacterController.h">
      <Filter>src</Filter>
    </ClInclude>
    <ClInclude Include="C:\Users\Ryarta\Documents\Recubin\temp_build\deps_md\physx\physx\source\physxcharacterkinematic\src\CctCharacterControllerManager.h">
      <Filter>src</Filter>
    </ClInclude>
    <ClInclude Include="C:\Users\Ryarta\Documents\Recubin\temp_build\deps_md\physx\physx\source\physxcharacterkinematic\src\CctController.h">
      <Filter>src</Filter>
    </ClInclude>
    <ClInclude Include="C:\Users\Ryarta\Documents\Recubin\temp_build\deps_md\physx\physx\source\physxcharacterkinematic\src\CctInternalStructs.h">
      <Filter>src</Filter>
    </ClInclude>
    <ClInclude Include="C:\Users\Ryarta\Documents\Recubin\temp_build\deps_md\physx\physx\source\physxcharacterkinematic\src\CctObstacleContext.h">
      <Filter>src</Filter>
    </ClInclude>
    <ClInclude Include="C:\Users\Ryarta\Documents\Recubin\temp_build\deps_md\physx\physx\source\physxcharacterkinematic\src\CctSweptBox.h">
      <Filter>src</Filter>
    </ClInclude>
    <ClInclude Include="C:\Users\Ryarta\Documents\Recubin\temp_build\deps_md\physx\physx\source\physxcharacterkinematic\src\CctSweptCapsule.h">
      <Filter>src</Filter>
    </ClInclude>
    <ClInclude Include="C:\Users\Ryarta\Documents\Recubin\temp_build\deps_md\physx\physx\source\physxcharacterkinematic\src\CctSweptVolume.h">
      <Filter>src</Filter>
    </ClInclude>
    <ClInclude Include="C:\Users\Ryarta\Documents\Recubin\temp_build\deps_md\physx\physx\source\physxcharacterkinematic\src\CctUtils.h">
      <Filter>src</Filter>
    </ClInclude>
  </ItemGroup>
  <ItemGroup>
    <CustomBuild Include="C:\Users\Ryarta\Documents\Recubin\temp_build\deps_md\physx\physx\source\compiler\cmake\CMakeLists.txt" />
  </ItemGroup>
  <ItemGroup>
    <Filter Include="include">
      <UniqueIdentifier>{85B44ACC-8F96-3245-A57F-3B0FC758D58F}</UniqueIdentifier>
    </Filter>
    <Filter Include="src">
      <UniqueIdentifier>{6DD1FF89-F2F3-37EC-BB69-D5387FE2A2C4}</UniqueIdentifier>
    </Filter>
  </ItemGroup>
</Project>
