<?xml version="1.0" encoding="utf-8"?>
<Project ToolsVersion="18.0" xmlns="http://schemas.microsoft.com/developer/msbuild/2003">
  <ItemGroup>
    <CustomBuild Include="C:\Users\Ryarta\Documents\Recubin\temp_build\deps_md\build_glfw\CMakeFiles\c30ffaa5b55085dff8e955ef57f45da7\uninstall.rule">
      <Filter>CMake Rules</Filter>
    </CustomBuild>
    <CustomBuild Include="C:\Users\Ryarta\Documents\Recubin\temp_build\deps_md\glfw\CMakeLists.txt" />
  </ItemGroup>
  <ItemGroup>
    <None Include="C:\Users\Ryarta\Documents\Recubin\temp_build\deps_md\build_glfw\CMakeFiles\uninstall" />
  </ItemGroup>
  <ItemGroup>
    <Filter Include="CMake Rules">
      <UniqueIdentifier>{55E89DAE-1631-3999-A8D3-AC4A1B5B54C7}</UniqueIdentifier>
    </Filter>
  </ItemGroup>
</Project>
