<?xml version="1.0" encoding="utf-8"?>
<Project ToolsVersion="18.0" xmlns="http://schemas.microsoft.com/developer/msbuild/2003">
  <ItemGroup>
    <CustomBuild Include="C:\Users\Ryarta\Documents\Recubin\temp_build\deps_md\build_luau\CMakeFiles\f7a314f25ff5e199087b108463fdeb82\generate.stamp.rule">
      <Filter>CMake Rules</Filter>
    </CustomBuild>
  </ItemGroup>
  <ItemGroup>
    <Filter Include="CMake Rules">
      <UniqueIdentifier>{4CD873CD-4E94-3DB0-B0D9-05588EA67F7B}</UniqueIdentifier>
    </Filter>
  </ItemGroup>
</Project>
