<?xml version="1.0" encoding="utf-8"?>
<Project ToolsVersion="18.0" xmlns="http://schemas.microsoft.com/developer/msbuild/2003">
  <ItemGroup>
    <ClCompile Include="C:\Users\Ryarta\Documents\Recubin\temp_build\yaml-cpp\src\binary.cpp">
      <Filter>Source Files</Filter>
    </ClCompile>
    <ClCompile Include="C:\Users\Ryarta\Documents\Recubin\temp_build\yaml-cpp\src\convert.cpp">
      <Filter>Source Files</Filter>
    </ClCompile>
    <ClCompile Include="C:\Users\Ryarta\Documents\Recubin\temp_build\yaml-cpp\src\depthguard.cpp">
      <Filter>Source Files</Filter>
    </ClCompile>
    <ClCompile Include="C:\Users\Ryarta\Documents\Recubin\temp_build\yaml-cpp\src\directives.cpp">
      <Filter>Source Files</Filter>
    </ClCompile>
    <ClCompile Include="C:\Users\Ryarta\Documents\Recubin\temp_build\yaml-cpp\src\emit.cpp">
      <Filter>Source Files</Filter>
    </ClCompile>
    <ClCompile Include="C:\Users\Ryarta\Documents\Recubin\temp_build\yaml-cpp\src\emitfromevents.cpp">
      <Filter>Source Files</Filter>
    </ClCompile>
    <ClCompile Include="C:\Users\Ryarta\Documents\Recubin\temp_build\yaml-cpp\src\emitter.cpp">
      <Filter>Source Files</Filter>
    </ClCompile>
    <ClCompile Include="C:\Users\Ryarta\Documents\Recubin\temp_build\yaml-cpp\src\emitterstate.cpp">
      <Filter>Source Files</Filter>
    </ClCompile>
    <ClCompile Include="C:\Users\Ryarta\Documents\Recubin\temp_build\yaml-cpp\src\emitterutils.cpp">
      <Filter>Source Files</Filter>
    </ClCompile>
    <ClCompile Include="C:\Users\Ryarta\Documents\Recubin\temp_build\yaml-cpp\src\exceptions.cpp">
      <Filter>Source Files</Filter>
    </ClCompile>
    <ClCompile Include="C:\Users\Ryarta\Documents\Recubin\temp_build\yaml-cpp\src\exp.cpp">
      <Filter>Source Files</Filter>
    </ClCompile>
    <ClCompile Include="C:\Users\Ryarta\Documents\Recubin\temp_build\yaml-cpp\src\fptostring.cpp">
      <Filter>Source Files</Filter>
    </ClCompile>
    <ClCompile Include="C:\Users\Ryarta\Documents\Recubin\temp_build\yaml-cpp\src\memory.cpp">
      <Filter>Source Files</Filter>
    </ClCompile>
    <ClCompile Include="C:\Users\Ryarta\Documents\Recubin\temp_build\yaml-cpp\src\node.cpp">
      <Filter>Source Files</Filter>
    </ClCompile>
    <ClCompile Include="C:\Users\Ryarta\Documents\Recubin\temp_build\yaml-cpp\src\node_data.cpp">
      <Filter>Source Files</Filter>
    </ClCompile>
    <ClCompile Include="C:\Users\Ryarta\Documents\Recubin\temp_build\yaml-cpp\src\nodebuilder.cpp">
      <Filter>Source Files</Filter>
    </ClCompile>
    <ClCompile Include="C:\Users\Ryarta\Documents\Recubin\temp_build\yaml-cpp\src\nodeevents.cpp">
      <Filter>Source Files</Filter>
    </ClCompile>
    <ClCompile Include="C:\Users\Ryarta\Documents\Recubin\temp_build\yaml-cpp\src\null.cpp">
      <Filter>Source Files</Filter>
    </ClCompile>
    <ClCompile Include="C:\Users\Ryarta\Documents\Recubin\temp_build\yaml-cpp\src\ostream_wrapper.cpp">
      <Filter>Source Files</Filter>
    </ClCompile>
    <ClCompile Include="C:\Users\Ryarta\Documents\Recubin\temp_build\yaml-cpp\src\parse.cpp">
      <Filter>Source Files</Filter>
    </ClCompile>
    <ClCompile Include="C:\Users\Ryarta\Documents\Recubin\temp_build\yaml-cpp\src\parser.cpp">
      <Filter>Source Files</Filter>
    </ClCompile>
    <ClCompile Include="C:\Users\Ryarta\Documents\Recubin\temp_build\yaml-cpp\src\regex_yaml.cpp">
      <Filter>Source Files</Filter>
    </ClCompile>
    <ClCompile Include="C:\Users\Ryarta\Documents\Recubin\temp_build\yaml-cpp\src\scanner.cpp">
      <Filter>Source Files</Filter>
    </ClCompile>
    <ClCompile Include="C:\Users\Ryarta\Documents\Recubin\temp_build\yaml-cpp\src\scanscalar.cpp">
      <Filter>Source Files</Filter>
    </ClCompile>
    <ClCompile Include="C:\Users\Ryarta\Documents\Recubin\temp_build\yaml-cpp\src\scantag.cpp">
      <Filter>Source Files</Filter>
    </ClCompile>
    <ClCompile Include="C:\Users\Ryarta\Documents\Recubin\temp_build\yaml-cpp\src\scantoken.cpp">
      <Filter>Source Files</Filter>
    </ClCompile>
    <ClCompile Include="C:\Users\Ryarta\Documents\Recubin\temp_build\yaml-cpp\src\simplekey.cpp">
      <Filter>Source Files</Filter>
    </ClCompile>
    <ClCompile Include="C:\Users\Ryarta\Documents\Recubin\temp_build\yaml-cpp\src\singledocparser.cpp">
      <Filter>Source Files</Filter>
    </ClCompile>
    <ClCompile Include="C:\Users\Ryarta\Documents\Recubin\temp_build\yaml-cpp\src\stream.cpp">
      <Filter>Source Files</Filter>
    </ClCompile>
    <ClCompile Include="C:\Users\Ryarta\Documents\Recubin\temp_build\yaml-cpp\src\tag.cpp">
      <Filter>Source Files</Filter>
    </ClCompile>
  </ItemGroup>
  <ItemGroup>
    <CustomBuild Include="C:\Users\Ryarta\Documents\Recubin\temp_build\yaml-cpp\CMakeLists.txt" />
  </ItemGroup>
  <ItemGroup>
    <Filter Include="Source Files">
      <UniqueIdentifier>{16546240-2EA9-3ED9-8D82-9DB439F5E6EE}</UniqueIdentifier>
    </Filter>
  </ItemGroup>
</Project>
