<?xml version="1.0" encoding="utf-8"?>
<Project ToolsVersion="18.0" xmlns="http://schemas.microsoft.com/developer/msbuild/2003">
  <ItemGroup>
    <ClCompile Include="C:\Users\Ryarta\Documents\Recubin\temp_build\deps_md\physx\physx\source\lowlevelaabb\src\BpAABBManager.cpp">
      <Filter>src</Filter>
    </ClCompile>
    <ClCompile Include="C:\Users\Ryarta\Documents\Recubin\temp_build\deps_md\physx\physx\source\lowlevelaabb\src\BpAABBManagerBase.cpp">
      <Filter>src</Filter>
    </ClCompile>
    <ClCompile Include="C:\Users\Ryarta\Documents\Recubin\temp_build\deps_md\physx\physx\source\lowlevelaabb\src\BpBroadPhase.cpp">
      <Filter>src</Filter>
    </ClCompile>
    <ClCompile Include="C:\Users\Ryarta\Documents\Recubin\temp_build\deps_md\physx\physx\source\lowlevelaabb\src\BpBroadPhaseUpdate.cpp">
      <Filter>src</Filter>
    </ClCompile>
    <ClCompile Include="C:\Users\Ryarta\Documents\Recubin\temp_build\deps_md\physx\physx\source\lowlevelaabb\src\BpBroadPhaseABP.cpp">
      <Filter>src</Filter>
    </ClCompile>
    <ClCompile Include="C:\Users\Ryarta\Documents\Recubin\temp_build\deps_md\physx\physx\source\lowlevelaabb\src\BpBroadPhaseMBP.cpp">
      <Filter>src</Filter>
    </ClCompile>
    <ClCompile Include="C:\Users\Ryarta\Documents\Recubin\temp_build\deps_md\physx\physx\source\lowlevelaabb\src\BpBroadPhaseSap.cpp">
      <Filter>src</Filter>
    </ClCompile>
    <ClCompile Include="C:\Users\Ryarta\Documents\Recubin\temp_build\deps_md\physx\physx\source\lowlevelaabb\src\BpBroadPhaseSapAux.cpp">
      <Filter>src</Filter>
    </ClCompile>
    <ClCompile Include="C:\Users\Ryarta\Documents\Recubin\temp_build\deps_md\physx\physx\source\lowlevelaabb\src\BpBroadPhaseShared.cpp">
      <Filter>src</Filter>
    </ClCompile>
    <ClCompile Include="C:\Users\Ryarta\Documents\Recubin\temp_build\deps_md\physx\physx\source\lowlevelaabb\src\BpFiltering.cpp">
      <Filter>src</Filter>
    </ClCompile>
  </ItemGroup>
  <ItemGroup>
    <ClInclude Include="C:\Users\Ryarta\Documents\Recubin\temp_build\deps_md\physx\physx\source\lowlevelaabb\include\BpAABBManager.h">
      <Filter>include</Filter>
    </ClInclude>
    <ClInclude Include="C:\Users\Ryarta\Documents\Recubin\temp_build\deps_md\physx\physx\source\lowlevelaabb\include\BpVolumeData.h">
      <Filter>include</Filter>
    </ClInclude>
    <ClInclude Include="C:\Users\Ryarta\Documents\Recubin\temp_build\deps_md\physx\physx\source\lowlevelaabb\include\BpAABBManagerBase.h">
      <Filter>include</Filter>
    </ClInclude>
    <ClInclude Include="C:\Users\Ryarta\Documents\Recubin\temp_build\deps_md\physx\physx\source\lowlevelaabb\include\BpAABBManagerTasks.h">
      <Filter>include</Filter>
    </ClInclude>
    <ClInclude Include="C:\Users\Ryarta\Documents\Recubin\temp_build\deps_md\physx\physx\source\lowlevelaabb\include\BpBroadPhase.h">
      <Filter>include</Filter>
    </ClInclude>
    <ClInclude Include="C:\Users\Ryarta\Documents\Recubin\temp_build\deps_md\physx\physx\source\lowlevelaabb\include\BpBroadPhaseUpdate.h">
      <Filter>include</Filter>
    </ClInclude>
    <ClInclude Include="C:\Users\Ryarta\Documents\Recubin\temp_build\deps_md\physx\physx\source\lowlevelaabb\include\BpFiltering.h">
      <Filter>include</Filter>
    </ClInclude>
    <ClInclude Include="C:\Users\Ryarta\Documents\Recubin\temp_build\deps_md\physx\physx\source\lowlevelaabb\src\BpBroadPhaseABP.h">
      <Filter>src</Filter>
    </ClInclude>
    <ClInclude Include="C:\Users\Ryarta\Documents\Recubin\temp_build\deps_md\physx\physx\source\lowlevelaabb\src\BpBroadPhaseMBP.h">
      <Filter>src</Filter>
    </ClInclude>
    <ClInclude Include="C:\Users\Ryarta\Documents\Recubin\temp_build\deps_md\physx\physx\source\lowlevelaabb\src\BpBroadPhaseMBPCommon.h">
      <Filter>src</Filter>
    </ClInclude>
    <ClInclude Include="C:\Users\Ryarta\Documents\Recubin\temp_build\deps_md\physx\physx\source\lowlevelaabb\src\BpBroadPhaseSap.h">
      <Filter>src</Filter>
    </ClInclude>
    <ClInclude Include="C:\Users\Ryarta\Documents\Recubin\temp_build\deps_md\physx\physx\source\lowlevelaabb\src\BpBroadPhaseSapAux.h">
      <Filter>src</Filter>
    </ClInclude>
    <ClInclude Include="C:\Users\Ryarta\Documents\Recubin\temp_build\deps_md\physx\physx\source\lowlevelaabb\src\BpBroadPhaseShared.h">
      <Filter>src</Filter>
    </ClInclude>
    <ClInclude Include="C:\Users\Ryarta\Documents\Recubin\temp_build\deps_md\physx\physx\source\lowlevelaabb\src\BpBroadPhaseIntegerAABB.h">
      <Filter>src</Filter>
    </ClInclude>
  </ItemGroup>
  <ItemGroup>
    <CustomBuild Include="C:\Users\Ryarta\Documents\Recubin\temp_build\deps_md\physx\physx\source\compiler\cmake\CMakeLists.txt" />
  </ItemGroup>
  <ItemGroup>
    <Filter Include="include">
      <UniqueIdentifier>{BC0C93AE-71A6-3A57-B3CF-A2D213CC9EF6}</UniqueIdentifier>
    </Filter>
    <Filter Include="src">
      <UniqueIdentifier>{0922BF23-D3FD-3D11-BD39-6D42D37FCDBE}</UniqueIdentifier>
    </Filter>
  </ItemGroup>
</Project>
