<?xml version="1.0" encoding="utf-8"?>
<Project ToolsVersion="18.0" xmlns="http://schemas.microsoft.com/developer/msbuild/2003">
  <ItemGroup>
    <ClCompile Include="C:\Users\Ryarta\Documents\Recubin\temp_build\deps_md\physx\physx\source\lowlevel\api\src\px_globals.cpp">
      <Filter>API Source</Filter>
    </ClCompile>
    <ClCompile Include="C:\Users\Ryarta\Documents\Recubin\temp_build\deps_md\physx\physx\source\lowlevel\common\src\pipeline\PxcContactCache.cpp">
      <Filter>Common Source\pipeline</Filter>
    </ClCompile>
    <ClCompile Include="C:\Users\Ryarta\Documents\Recubin\temp_build\deps_md\physx\physx\source\lowlevel\common\src\pipeline\PxcContactMethodImpl.cpp">
      <Filter>Common Source\pipeline</Filter>
    </ClCompile>
    <ClCompile Include="C:\Users\Ryarta\Documents\Recubin\temp_build\deps_md\physx\physx\source\lowlevel\common\src\pipeline\PxcMaterialMethodImpl.cpp">
      <Filter>Common Source\pipeline</Filter>
    </ClCompile>
    <ClCompile Include="C:\Users\Ryarta\Documents\Recubin\temp_build\deps_md\physx\physx\source\lowlevel\common\src\pipeline\PxcNpBatch.cpp">
      <Filter>Common Source\pipeline</Filter>
    </ClCompile>
    <ClCompile Include="C:\Users\Ryarta\Documents\Recubin\temp_build\deps_md\physx\physx\source\lowlevel\common\src\pipeline\PxcNpCacheStreamPair.cpp">
      <Filter>Common Source\pipeline</Filter>
    </ClCompile>
    <ClCompile Include="C:\Users\Ryarta\Documents\Recubin\temp_build\deps_md\physx\physx\source\lowlevel\common\src\pipeline\PxcNpContactPrepShared.cpp">
      <Filter>Common Source\pipeline</Filter>
    </ClCompile>
    <ClCompile Include="C:\Users\Ryarta\Documents\Recubin\temp_build\deps_md\physx\physx\source\lowlevel\common\src\pipeline\PxcNpMemBlockPool.cpp">
      <Filter>Common Source\pipeline</Filter>
    </ClCompile>
    <ClCompile Include="C:\Users\Ryarta\Documents\Recubin\temp_build\deps_md\physx\physx\source\lowlevel\common\src\pipeline\PxcNpThreadContext.cpp">
      <Filter>Common Source\pipeline</Filter>
    </ClCompile>
    <ClCompile Include="C:\Users\Ryarta\Documents\Recubin\temp_build\deps_md\physx\physx\source\lowlevel\software\src\PxsCCD.cpp">
      <Filter>Software Source</Filter>
    </ClCompile>
    <ClCompile Include="C:\Users\Ryarta\Documents\Recubin\temp_build\deps_md\physx\physx\source\lowlevel\software\src\PxsContactManager.cpp">
      <Filter>Software Source</Filter>
    </ClCompile>
    <ClCompile Include="C:\Users\Ryarta\Documents\Recubin\temp_build\deps_md\physx\physx\source\lowlevel\software\src\PxsContext.cpp">
      <Filter>Software Source</Filter>
    </ClCompile>
    <ClCompile Include="C:\Users\Ryarta\Documents\Recubin\temp_build\deps_md\physx\physx\source\lowlevel\software\src\PxsDefaultMemoryManager.cpp">
      <Filter>Software Source</Filter>
    </ClCompile>
    <ClCompile Include="C:\Users\Ryarta\Documents\Recubin\temp_build\deps_md\physx\physx\source\lowlevel\software\src\PxsIslandSim.cpp">
      <Filter>Software Source</Filter>
    </ClCompile>
    <ClCompile Include="C:\Users\Ryarta\Documents\Recubin\temp_build\deps_md\physx\physx\source\lowlevel\software\src\PxsNphaseImplementationContext.cpp">
      <Filter>Software Source</Filter>
    </ClCompile>
    <ClCompile Include="C:\Users\Ryarta\Documents\Recubin\temp_build\deps_md\physx\physx\source\lowlevel\software\src\PxsSimpleIslandManager.cpp">
      <Filter>Software Source</Filter>
    </ClCompile>
  </ItemGroup>
  <ItemGroup>
    <ClInclude Include="C:\Users\Ryarta\Documents\Recubin\temp_build\deps_md\physx\physx\source\lowlevel\api\include\PxsMaterialShared.h">
      <Filter>API Includes</Filter>
    </ClInclude>
    <ClInclude Include="C:\Users\Ryarta\Documents\Recubin\temp_build\deps_md\physx\physx\source\lowlevel\api\include\PxsMaterialCore.h">
      <Filter>API Includes</Filter>
    </ClInclude>
    <ClInclude Include="C:\Users\Ryarta\Documents\Recubin\temp_build\deps_md\physx\physx\source\lowlevel\api\include\PxsDeformableSurfaceMaterialCore.h">
      <Filter>API Includes</Filter>
    </ClInclude>
    <ClInclude Include="C:\Users\Ryarta\Documents\Recubin\temp_build\deps_md\physx\physx\source\lowlevel\api\include\PxsDeformableVolumeMaterialCore.h">
      <Filter>API Includes</Filter>
    </ClInclude>
    <ClInclude Include="C:\Users\Ryarta\Documents\Recubin\temp_build\deps_md\physx\physx\source\lowlevel\api\include\PxsPBDMaterialCore.h">
      <Filter>API Includes</Filter>
    </ClInclude>
    <ClInclude Include="C:\Users\Ryarta\Documents\Recubin\temp_build\deps_md\physx\physx\source\lowlevel\api\include\PxsMaterialManager.h">
      <Filter>API Includes</Filter>
    </ClInclude>
    <ClInclude Include="C:\Users\Ryarta\Documents\Recubin\temp_build\deps_md\physx\physx\source\lowlevel\api\include\PxvConfig.h">
      <Filter>API Includes</Filter>
    </ClInclude>
    <ClInclude Include="C:\Users\Ryarta\Documents\Recubin\temp_build\deps_md\physx\physx\source\lowlevel\api\include\PxvDynamics.h">
      <Filter>API Includes</Filter>
    </ClInclude>
    <ClInclude Include="C:\Users\Ryarta\Documents\Recubin\temp_build\deps_md\physx\physx\source\lowlevel\api\include\PxvGeometry.h">
      <Filter>API Includes</Filter>
    </ClInclude>
    <ClInclude Include="C:\Users\Ryarta\Documents\Recubin\temp_build\deps_md\physx\physx\source\lowlevel\api\include\PxvGlobals.h">
      <Filter>API Includes</Filter>
    </ClInclude>
    <ClInclude Include="C:\Users\Ryarta\Documents\Recubin\temp_build\deps_md\physx\physx\source\lowlevel\api\include\PxvManager.h">
      <Filter>API Includes</Filter>
    </ClInclude>
    <ClInclude Include="C:\Users\Ryarta\Documents\Recubin\temp_build\deps_md\physx\physx\source\lowlevel\api\include\PxvSimStats.h">
      <Filter>API Includes</Filter>
    </ClInclude>
    <ClInclude Include="C:\Users\Ryarta\Documents\Recubin\temp_build\deps_md\physx\physx\source\lowlevel\common\include\collision\PxcContactMethodImpl.h">
      <Filter>Common Includes\collision</Filter>
    </ClInclude>
    <ClInclude Include="C:\Users\Ryarta\Documents\Recubin\temp_build\deps_md\physx\physx\source\lowlevel\common\include\pipeline\PxcConstraintBlockStream.h">
      <Filter>Common Includes\pipeline</Filter>
    </ClInclude>
    <ClInclude Include="C:\Users\Ryarta\Documents\Recubin\temp_build\deps_md\physx\physx\source\lowlevel\common\include\pipeline\PxcContactCache.h">
      <Filter>Common Includes\pipeline</Filter>
    </ClInclude>
    <ClInclude Include="C:\Users\Ryarta\Documents\Recubin\temp_build\deps_md\physx\physx\source\lowlevel\common\include\pipeline\PxcMaterialMethodImpl.h">
      <Filter>Common Includes\pipeline</Filter>
    </ClInclude>
    <ClInclude Include="C:\Users\Ryarta\Documents\Recubin\temp_build\deps_md\physx\physx\source\lowlevel\common\include\pipeline\PxcNpBatch.h">
      <Filter>Common Includes\pipeline</Filter>
    </ClInclude>
    <ClInclude Include="C:\Users\Ryarta\Documents\Recubin\temp_build\deps_md\physx\physx\source\lowlevel\common\include\pipeline\PxcNpCache.h">
      <Filter>Common Includes\pipeline</Filter>
    </ClInclude>
    <ClInclude Include="C:\Users\Ryarta\Documents\Recubin\temp_build\deps_md\physx\physx\source\lowlevel\common\include\pipeline\PxcNpCacheStreamPair.h">
      <Filter>Common Includes\pipeline</Filter>
    </ClInclude>
    <ClInclude Include="C:\Users\Ryarta\Documents\Recubin\temp_build\deps_md\physx\physx\source\lowlevel\common\include\pipeline\PxcNpContactPrepShared.h">
      <Filter>Common Includes\pipeline</Filter>
    </ClInclude>
    <ClInclude Include="C:\Users\Ryarta\Documents\Recubin\temp_build\deps_md\physx\physx\source\lowlevel\common\include\pipeline\PxcNpMemBlockPool.h">
      <Filter>Common Includes\pipeline</Filter>
    </ClInclude>
    <ClInclude Include="C:\Users\Ryarta\Documents\Recubin\temp_build\deps_md\physx\physx\source\lowlevel\common\include\pipeline\PxcNpThreadContext.h">
      <Filter>Common Includes\pipeline</Filter>
    </ClInclude>
    <ClInclude Include="C:\Users\Ryarta\Documents\Recubin\temp_build\deps_md\physx\physx\source\lowlevel\common\include\pipeline\PxcNpWorkUnit.h">
      <Filter>Common Includes\pipeline</Filter>
    </ClInclude>
    <ClInclude Include="C:\Users\Ryarta\Documents\Recubin\temp_build\deps_md\physx\physx\source\lowlevel\common\include\utils\PxcScratchAllocator.h">
      <Filter>Common Includes\utils</Filter>
    </ClInclude>
    <ClInclude Include="C:\Users\Ryarta\Documents\Recubin\temp_build\deps_md\physx\physx\source\lowlevel\common\include\utils\PxcThreadCoherentCache.h">
      <Filter>Common Includes\utils</Filter>
    </ClInclude>
    <ClInclude Include="C:\Users\Ryarta\Documents\Recubin\temp_build\deps_md\physx\physx\source\lowlevel\software\include\PxsCCD.h">
      <Filter>Software Includes</Filter>
    </ClInclude>
    <ClInclude Include="C:\Users\Ryarta\Documents\Recubin\temp_build\deps_md\physx\physx\source\lowlevel\software\include\PxsContactManager.h">
      <Filter>Software Includes</Filter>
    </ClInclude>
    <ClInclude Include="C:\Users\Ryarta\Documents\Recubin\temp_build\deps_md\physx\physx\source\lowlevel\software\include\PxsContactManagerState.h">
      <Filter>Software Includes</Filter>
    </ClInclude>
    <ClInclude Include="C:\Users\Ryarta\Documents\Recubin\temp_build\deps_md\physx\physx\source\lowlevel\software\include\PxsContext.h">
      <Filter>Software Includes</Filter>
    </ClInclude>
    <ClInclude Include="C:\Users\Ryarta\Documents\Recubin\temp_build\deps_md\physx\physx\source\lowlevel\software\include\PxsHeapMemoryAllocator.h">
      <Filter>Software Includes</Filter>
    </ClInclude>
    <ClInclude Include="C:\Users\Ryarta\Documents\Recubin\temp_build\deps_md\physx\physx\source\lowlevel\software\include\PxsIslandManagerTypes.h">
      <Filter>Software Includes</Filter>
    </ClInclude>
    <ClInclude Include="C:\Users\Ryarta\Documents\Recubin\temp_build\deps_md\physx\physx\source\lowlevel\software\include\PxsIslandSim.h">
      <Filter>Software Includes</Filter>
    </ClInclude>
    <ClInclude Include="C:\Users\Ryarta\Documents\Recubin\temp_build\deps_md\physx\physx\source\lowlevel\software\include\PxsPartitionEdge.h">
      <Filter>Software Includes</Filter>
    </ClInclude>
    <ClInclude Include="C:\Users\Ryarta\Documents\Recubin\temp_build\deps_md\physx\physx\source\lowlevel\software\include\PxsKernelWrangler.h">
      <Filter>Software Includes</Filter>
    </ClInclude>
    <ClInclude Include="C:\Users\Ryarta\Documents\Recubin\temp_build\deps_md\physx\physx\source\lowlevel\software\include\PxsMaterialCombiner.h">
      <Filter>Software Includes</Filter>
    </ClInclude>
    <ClInclude Include="C:\Users\Ryarta\Documents\Recubin\temp_build\deps_md\physx\physx\source\lowlevel\software\include\PxsMemoryManager.h">
      <Filter>Software Includes</Filter>
    </ClInclude>
    <ClInclude Include="C:\Users\Ryarta\Documents\Recubin\temp_build\deps_md\physx\physx\source\lowlevel\software\include\PxsNphaseImplementationContext.h">
      <Filter>Software Includes</Filter>
    </ClInclude>
    <ClInclude Include="C:\Users\Ryarta\Documents\Recubin\temp_build\deps_md\physx\physx\source\lowlevel\software\include\PxsRigidBody.h">
      <Filter>Software Includes</Filter>
    </ClInclude>
    <ClInclude Include="C:\Users\Ryarta\Documents\Recubin\temp_build\deps_md\physx\physx\source\lowlevel\software\include\PxsParticleBuffer.h">
      <Filter>Software Includes</Filter>
    </ClInclude>
    <ClInclude Include="C:\Users\Ryarta\Documents\Recubin\temp_build\deps_md\physx\physx\source\lowlevel\software\include\PxsSimpleIslandManager.h">
      <Filter>Software Includes</Filter>
    </ClInclude>
    <ClInclude Include="C:\Users\Ryarta\Documents\Recubin\temp_build\deps_md\physx\physx\source\lowlevel\software\include\PxsSimulationController.h">
      <Filter>Software Includes</Filter>
    </ClInclude>
    <ClInclude Include="C:\Users\Ryarta\Documents\Recubin\temp_build\deps_md\physx\physx\source\lowlevel\software\include\PxsTransformCache.h">
      <Filter>Software Includes</Filter>
    </ClInclude>
    <ClInclude Include="C:\Users\Ryarta\Documents\Recubin\temp_build\deps_md\physx\physx\source\lowlevel\software\include\PxsNphaseCommon.h">
      <Filter>Software Includes</Filter>
    </ClInclude>
    <ClInclude Include="C:\Users\Ryarta\Documents\Recubin\temp_build\deps_md\physx\physx\source\lowlevel\software\include\PxvNphaseImplementationContext.h">
      <Filter>Software Includes</Filter>
    </ClInclude>
  </ItemGroup>
  <ItemGroup>
    <CustomBuild Include="C:\Users\Ryarta\Documents\Recubin\temp_build\deps_md\physx\physx\source\compiler\cmake\CMakeLists.txt" />
  </ItemGroup>
  <ItemGroup>
    <Filter Include="API Includes">
      <UniqueIdentifier>{39872AA1-A63B-396C-AC45-CDA366BE3AB0}</UniqueIdentifier>
    </Filter>
    <Filter Include="API Source">
      <UniqueIdentifier>{203B1175-F266-31E2-8818-2FF1613E0C35}</UniqueIdentifier>
    </Filter>
    <Filter Include="Common Includes">
      <UniqueIdentifier>{BD2FDD69-BF62-3C99-819E-093C6CCC2A4E}</UniqueIdentifier>
    </Filter>
    <Filter Include="Common Includes\collision">
      <UniqueIdentifier>{2FCC4972-8377-34A4-9979-A5A1B91FD294}</UniqueIdentifier>
    </Filter>
    <Filter Include="Common Includes\pipeline">
      <UniqueIdentifier>{2D9E82EE-5463-3E56-8C87-570F81D2D570}</UniqueIdentifier>
    </Filter>
    <Filter Include="Common Includes\utils">
      <UniqueIdentifier>{7DA8F401-D6A8-3CD2-B251-8DAE9E301392}</UniqueIdentifier>
    </Filter>
    <Filter Include="Common Source">
      <UniqueIdentifier>{84487590-F55A-33C4-A639-22CA8D4C97AB}</UniqueIdentifier>
    </Filter>
    <Filter Include="Common Source\pipeline">
      <UniqueIdentifier>{74FF93A8-A64D-3C14-A448-CA32F64C3E92}</UniqueIdentifier>
    </Filter>
    <Filter Include="Software Includes">
      <UniqueIdentifier>{BE6DB10A-D659-38E7-AC2D-DFAB3CF00697}</UniqueIdentifier>
    </Filter>
    <Filter Include="Software Source">
      <UniqueIdentifier>{B1E79962-40C9-3701-93C8-2F979200C614}</UniqueIdentifier>
    </Filter>
  </ItemGroup>
</Project>
